// !$*UTF8*$!
{
	archiveVersion = 1;
	classes = {
	};
	objectVersion = 46;
	objects = {

/* Begin PBXBuildFile section */
		B6F8936B1C37624900070CCB /* AppDelegate.swift in Sources */ = {isa = PBXBuildFile; fileRef = B6F8936A1C37624900070CCB /* AppDelegate.swift */; };
		B6F8936D1C37624900070CCB /* ViewController.swift in Sources */ = {isa = PBXBuildFile; fileRef = B6F8936C1C37624900070CCB /* ViewController.swift */; };
		B6F893721C37624900070CCB /* Assets.xcassets in Resources */ = {isa = PBXBuildFile; fileRef = B6F893711C37624900070CCB /* Assets.xcassets */; };
		B6F893751C37624900070CCB /* LaunchScreen.storyboard in Resources */ = {isa = PBXBuildFile; fileRef = B6F893731C37624900070CCB /* LaunchScreen.storyboard */; };
		B6F893801C37624A00070CCB /* MealsTests.swift in Sources */ = {isa = PBXBuildFile; fileRef = B6F8937F1C37624A00070CCB /* MealsTests.swift */; };
		B6F8938B1C37624A00070CCB /* MealsUITests.swift in Sources */ = {isa = PBXBuildFile; fileRef = B6F8938A1C37624A00070CCB /* MealsUITests.swift */; };
		B6F893991C376DBD00070CCB /* Meal.swift in Sources */ = {isa = PBXBuildFile; fileRef = B6F893981C376DBD00070CCB /* Meal.swift */; };
		B6F8939B1C37984D00070CCB /* MealCell.swift in Sources */ = {isa = PBXBuildFile; fileRef = B6F8939A1C37984D00070CCB /* MealCell.swift */; };
		FA9D00E4AEC70E81E5428AD7 /* Pods_Meals.framework in Frameworks */ = {isa = PBXBuildFile; fileRef = 52C3E5FAEE8630C99E762F37 /* Pods_Meals.framework */; };
/* End PBXBuildFile section */

/* Begin PBXContainerItemProxy section */
		B6F8937C1C37624900070CCB /* PBXContainerItemProxy */ = {
			isa = PBXContainerItemProxy;
			containerPortal = B6F8935F1C37624900070CCB /* Project object */;
			proxyType = 1;
			remoteGlobalIDString = B6F893661C37624900070CCB;
			remoteInfo = Meals;
		};
		B6F893871C37624A00070CCB /* PBXContainerItemProxy */ = {
			isa = PBXContainerItemProxy;
			containerPortal = B6F8935F1C37624900070CCB /* Project object */;
			proxyType = 1;
			remoteGlobalIDString = B6F893661C37624900070CCB;
			remoteInfo = Meals;
		};
/* End PBXContainerItemProxy section */

/* Begin PBXFileReference section */
		379AB69AEB7D57903DC6F96E /* Pods-Meals.debug.xcconfig */ = {isa = PBXFileReference; includeInIndex = 1; lastKnownFileType = text.xcconfig; name = "Pods-Meals.debug.xcconfig"; path = "Pods/Target Support Files/Pods-Meals/Pods-Meals.debug.xcconfig"; sourceTree = "<group>"; };
		52C3E5FAEE8630C99E762F37 /* Pods_Meals.framework */ = {isa = PBXFileReference; explicitFileType = wrapper.framework; includeInIndex = 0; path = Pods_Meals.framework; sourceTree = BUILT_PRODUCTS_DIR; };
		B05B9C2F5E82744ECAD8187F /* Pods-Meals.release.xcconfig */ = {isa = PBXFileReference; includeInIndex = 1; lastKnownFileType = text.xcconfig; name = "Pods-Meals.release.xcconfig"; path = "Pods/Target Support Files/Pods-Meals/Pods-Meals.release.xcconfig"; sourceTree = "<group>"; };
		B6F893671C37624900070CCB /* Meals.app */ = {isa = PBXFileReference; explicitFileType = wrapper.application; includeInIndex = 0; path = Meals.app; sourceTree = BUILT_PRODUCTS_DIR; };
		B6F8936A1C37624900070CCB /* AppDelegate.swift */ = {isa = PBXFileReference; lastKnownFileType = sourcecode.swift; path = AppDelegate.swift; sourceTree = "<group>"; };
		B6F8936C1C37624900070CCB /* ViewController.swift */ = {isa = PBXFileReference; lastKnownFileType = sourcecode.swift; path = ViewController.swift; sourceTree = "<group>"; };
		B6F893711C37624900070CCB /* Assets.xcassets */ = {isa = PBXFileReference; lastKnownFileType = folder.assetcatalog; path = Assets.xcassets; sourceTree = "<group>"; };
		B6F893741C37624900070CCB /* Base */ = {isa = PBXFileReference; lastKnownFileType = file.storyboard; name = Base; path = Base.lproj/LaunchScreen.storyboard; sourceTree = "<group>"; };
		B6F893761C37624900070CCB /* Info.plist */ = {isa = PBXFileReference; lastKnownFileType = text.plist.xml; path = Info.plist; sourceTree = "<group>"; };
		B6F8937B1C37624900070CCB /* MealsTests.xctest */ = {isa = PBXFileReference; explicitFileType = wrapper.cfbundle; includeInIndex = 0; path = MealsTests.xctest; sourceTree = BUILT_PRODUCTS_DIR; };
		B6F8937F1C37624A00070CCB /* MealsTests.swift */ = {isa = PBXFileReference; lastKnownFileType = sourcecode.swift; path = MealsTests.swift; sourceTree = "<group>"; };
		B6F893811C37624A00070CCB /* Info.plist */ = {isa = PBXFileReference; lastKnownFileType = text.plist.xml; path = Info.plist; sourceTree = "<group>"; };
		B6F893861C37624A00070CCB /* MealsUITests.xctest */ = {isa = PBXFileReference; explicitFileType = wrapper.cfbundle; includeInIndex = 0; path = MealsUITests.xctest; sourceTree = BUILT_PRODUCTS_DIR; };
		B6F8938A1C37624A00070CCB /* MealsUITests.swift */ = {isa = PBXFileReference; lastKnownFileType = sourcecode.swift; path = MealsUITests.swift; sourceTree = "<group>"; };
		B6F8938C1C37624A00070CCB /* Info.plist */ = {isa = PBXFileReference; lastKnownFileType = text.plist.xml; path = Info.plist; sourceTree = "<group>"; };
		B6F893981C376DBD00070CCB /* Meal.swift */ = {isa = PBXFileReference; fileEncoding = 4; lastKnownFileType = sourcecode.swift; path = Meal.swift; sourceTree = "<group>"; };
		B6F8939A1C37984D00070CCB /* MealCell.swift */ = {isa = PBXFileReference; fileEncoding = 4; lastKnownFileType = sourcecode.swift; path = MealCell.swift; sourceTree = "<group>"; };
/* End PBXFileReference section */

/* Begin PBXFrameworksBuildPhase section */
		B6F893641C37624900070CCB /* Frameworks */ = {
			isa = PBXFrameworksBuildPhase;
			buildActionMask = 2147483647;
			files = (
				FA9D00E4AEC70E81E5428AD7 /* Pods_Meals.framework in Frameworks */,
			);
			runOnlyForDeploymentPostprocessing = 0;
		};
		B6F893781C37624900070CCB /* Frameworks */ = {
			isa = PBXFrameworksBuildPhase;
			buildActionMask = 2147483647;
			files = (
			);
			runOnlyForDeploymentPostprocessing = 0;
		};
		B6F893831C37624A00070CCB /* Frameworks */ = {
			isa = PBXFrameworksBuildPhase;
			buildActionMask = 2147483647;
			files = (
			);
			runOnlyForDeploymentPostprocessing = 0;
		};
/* End PBXFrameworksBuildPhase section */

/* Begin PBXGroup section */
		A464DD550AEBE5BCBEC1C0B3 /* Frameworks */ = {
			isa = PBXGroup;
			children = (
				52C3E5FAEE8630C99E762F37 /* Pods_Meals.framework */,
			);
			name = Frameworks;
			sourceTree = "<group>";
		};
		B6F8935E1C37624900070CCB = {
			isa = PBXGroup;
			children = (
				B6F893691C37624900070CCB /* Meals */,
				B6F8937E1C37624A00070CCB /* MealsTests */,
				B6F893891C37624A00070CCB /* MealsUITests */,
				B6F893681C37624900070CCB /* Products */,
				F629AF03BFD8E76A15C2FD9B /* Pods */,
				A464DD550AEBE5BCBEC1C0B3 /* Frameworks */,
			);
			sourceTree = "<group>";
		};
		B6F893681C37624900070CCB /* Products */ = {
			isa = PBXGroup;
			children = (
				B6F893671C37624900070CCB /* Meals.app */,
				B6F8937B1C37624900070CCB /* MealsTests.xctest */,
				B6F893861C37624A00070CCB /* MealsUITests.xctest */,
			);
			name = Products;
			sourceTree = "<group>";
		};
		B6F893691C37624900070CCB /* Meals */ = {
			isa = PBXGroup;
			children = (
				B6F8936A1C37624900070CCB /* AppDelegate.swift */,
				B6F8936C1C37624900070CCB /* ViewController.swift */,
				B6F893711C37624900070CCB /* Assets.xcassets */,
				B6F893731C37624900070CCB /* LaunchScreen.storyboard */,
				B6F893761C37624900070CCB /* Info.plist */,
				B6F893981C376DBD00070CCB /* Meal.swift */,
				B6F8939A1C37984D00070CCB /* MealCell.swift */,
			);
			path = Meals;
			sourceTree = "<group>";
		};
		B6F8937E1C37624A00070CCB /* MealsTests */ = {
			isa = PBXGroup;
			children = (
				B6F8937F1C37624A00070CCB /* MealsTests.swift */,
				B6F893811C37624A00070CCB /* Info.plist */,
			);
			path = MealsTests;
			sourceTree = "<group>";
		};
		B6F893891C37624A00070CCB /* MealsUITests */ = {
			isa = PBXGroup;
			children = (
				B6F8938A1C37624A00070CCB /* MealsUITests.swift */,
				B6F8938C1C37624A00070CCB /* Info.plist */,
			);
			path = MealsUITests;
			sourceTree = "<group>";
		};
		F629AF03BFD8E76A15C2FD9B /* Pods */ = {
			isa = PBXGroup;
			children = (
				379AB69AEB7D57903DC6F96E /* Pods-Meals.debug.xcconfig */,
				B05B9C2F5E82744ECAD8187F /* Pods-Meals.release.xcconfig */,
			);
			name = Pods;
			sourceTree = "<group>";
		};
/* End PBXGroup section */

/* Begin PBXNativeTarget section */
		B6F893661C37624900070CCB /* Meals */ = {
			isa = PBXNativeTarget;
			buildConfigurationList = B6F8938F1C37624A00070CCB /* Build configuration list for PBXNativeTarget "Meals" */;
			buildPhases = (
				2AF9C88B62EDE8FA9350A528 /* Check Pods Manifest.lock */,
				B6F893631C37624900070CCB /* Sources */,
				B6F893641C37624900070CCB /* Frameworks */,
				B6F893651C37624900070CCB /* Resources */,
				F06C1B22BB4EA79AE1EB1A33 /* Embed Pods Frameworks */,
				3DBC0F62B199354948752494 /* Copy Pods Resources */,
			);
			buildRules = (
			);
			dependencies = (
			);
			name = Meals;
			productName = Meals;
			productReference = B6F893671C37624900070CCB /* Meals.app */;
			productType = "com.apple.product-type.application";
		};
		B6F8937A1C37624900070CCB /* MealsTests */ = {
			isa = PBXNativeTarget;
			buildConfigurationList = B6F893921C37624A00070CCB /* Build configuration list for PBXNativeTarget "MealsTests" */;
			buildPhases = (
				B6F893771C37624900070CCB /* Sources */,
				B6F893781C37624900070CCB /* Frameworks */,
				B6F893791C37624900070CCB /* Resources */,
			);
			buildRules = (
			);
			dependencies = (
				B6F8937D1C37624900070CCB /* PBXTargetDependency */,
			);
			name = MealsTests;
			productName = MealsTests;
			productReference = B6F8937B1C37624900070CCB /* MealsTests.xctest */;
			productType = "com.apple.product-type.bundle.unit-test";
		};
		B6F893851C37624A00070CCB /* MealsUITests */ = {
			isa = PBXNativeTarget;
			buildConfigurationList = B6F893951C37624A00070CCB /* Build configuration list for PBXNativeTarget "MealsUITests" */;
			buildPhases = (
				B6F893821C37624A00070CCB /* Sources */,
				B6F893831C37624A00070CCB /* Frameworks */,
				B6F893841C37624A00070CCB /* Resources */,
			);
			buildRules = (
			);
			dependencies = (
				B6F893881C37624A00070CCB /* PBXTargetDependency */,
			);
			name = MealsUITests;
			productName = MealsUITests;
			productReference = B6F893861C37624A00070CCB /* MealsUITests.xctest */;
			productType = "com.apple.product-type.bundle.ui-testing";
		};
/* End PBXNativeTarget section */

/* Begin PBXProject section */
		B6F8935F1C37624900070CCB /* Project object */ = {
			isa = PBXProject;
			attributes = {
				LastSwiftUpdateCheck = 0720;
				LastUpgradeCheck = 0720;
				ORGANIZATIONNAME = astoration;
				TargetAttributes = {
					B6F893661C37624900070CCB = {
						CreatedOnToolsVersion = 7.2;
						DevelopmentTeam = 7VAMA658NS;
					};
					B6F8937A1C37624900070CCB = {
						CreatedOnToolsVersion = 7.2;
						DevelopmentTeam = 7VAMA658NS;
						TestTargetID = B6F893661C37624900070CCB;
					};
					B6F893851C37624A00070CCB = {
						CreatedOnToolsVersion = 7.2;
						DevelopmentTeam = 7VAMA658NS;
						TestTargetID = B6F893661C37624900070CCB;
					};
				};
			};
			buildConfigurationList = B6F893621C37624900070CCB /* Build configuration list for PBXProject "Meals" */;
			compatibilityVersion = "Xcode 3.2";
			developmentRegion = English;
			hasScannedForEncodings = 0;
			knownRegions = (
				en,
				Base,
			);
			mainGroup = B6F8935E1C37624900070CCB;
			productRefGroup = B6F893681C37624900070CCB /* Products */;
			projectDirPath = "";
			projectRoot = "";
			targets = (
				B6F893661C37624900070CCB /* Meals */,
				B6F8937A1C37624900070CCB /* MealsTests */,
				B6F893851C37624A00070CCB /* MealsUITests */,
			);
		};
/* End PBXProject section */

/* Begin PBXResourcesBuildPhase section */
		B6F893651C37624900070CCB /* Resources */ = {
			isa = PBXResourcesBuildPhase;
			buildActionMask = 2147483647;
			files = (
				B6F893751C37624900070CCB /* LaunchScreen.storyboard in Resources */,
				B6F893721C37624900070CCB /* Assets.xcassets in Resources */,
			);
			runOnlyForDeploymentPostprocessing = 0;
		};
		B6F893791C37624900070CCB /* Resources */ = {
			isa = PBXResourcesBuildPhase;
			buildActionMask = 2147483647;
			files = (
			);
			runOnlyForDeploymentPostprocessing = 0;
		};
		B6F893841C37624A00070CCB /* Resources */ = {
			isa = PBXResourcesBuildPhase;
			buildActionMask = 2147483647;
			files = (
			);
			runOnlyForDeploymentPostprocessing = 0;
		};
/* End PBXResourcesBuildPhase section */

/* Begin PBXShellScriptBuildPhase section */
		2AF9C88B62EDE8FA9350A528 /* Check Pods Manifest.lock */ = {
			isa = PBXShellScriptBuildPhase;
			buildActionMask = 2147483647;
			files = (
			);
			inputPaths = (
			);
			name = "Check Pods Manifest.lock";
			outputPaths = (
			);
			runOnlyForDeploymentPostprocessing = 0;
			shellPath = /bin/sh;
			shellScript = "diff \"${PODS_ROOT}/../Podfile.lock\" \"${PODS_ROOT}/Manifest.lock\" > /dev/null\nif [[ $? != 0 ]] ; then\n    cat << EOM\nerror: The sandbox is not in sync with the Podfile.lock. Run 'pod install' or update your CocoaPods installation.\nEOM\n    exit 1\nfi\n";
			showEnvVarsInLog = 0;
		};
		3DBC0F62B199354948752494 /* Copy Pods Resources */ = {
			isa = PBXShellScriptBuildPhase;
			buildActionMask = 2147483647;
			files = (
			);
			inputPaths = (
			);
			name = "Copy Pods Resources";
			outputPaths = (
			);
			runOnlyForDeploymentPostprocessing = 0;
			shellPath = /bin/sh;
			shellScript = "\"${SRCROOT}/Pods/Target Support Files/Pods-Meals/Pods-Meals-resources.sh\"\n";
			showEnvVarsInLog = 0;
		};
		F06C1B22BB4EA79AE1EB1A33 /* Embed Pods Frameworks */ = {
			isa = PBXShellScriptBuildPhase;
			buildActionMask = 2147483647;
			files = (
			);
			inputPaths = (
			);
			name = "Embed Pods Frameworks";
			outputPaths = (
			);
			runOnlyForDeploymentPostprocessing = 0;
			shellPath = /bin/sh;
			shellScript = "\"${SRCROOT}/Pods/Target Support Files/Pods-Meals/Pods-Meals-frameworks.sh\"\n";
			showEnvVarsInLog = 0;
		};
/* End PBXShellScriptBuildPhase section */

/* Begin PBXSourcesBuildPhase section */
		B6F893631C37624900070CCB /* Sources */ = {
			isa = PBXSourcesBuildPhase;
			buildActionMask = 2147483647;
			files = (
				B6F8939B1C37984D00070CCB /* MealCell.swift in Sources */,
				B6F8936D1C37624900070CCB /* ViewController.swift in Sources */,
				B6F893991C376DBD00070CCB /* Meal.swift in Sources */,
				B6F8936B1C37624900070CCB /* AppDelegate.swift in Sources */,
			);
			runOnlyForDeploymentPostprocessing = 0;
		};
		B6F893771C37624900070CCB /* Sources */ = {
			isa = PBXSourcesBuildPhase;
			buildActionMask = 2147483647;
			files = (
				B6F893801C37624A00070CCB /* MealsTests.swift in Sources */,
			);
			runOnlyForDeploymentPostprocessing = 0;
		};
		B6F893821C37624A00070CCB /* Sources */ = {
			isa = PBXSourcesBuildPhase;
			buildActionMask = 2147483647;
			files = (
				B6F8938B1C37624A00070CCB /* MealsUITests.swift in Sources */,
			);
			runOnlyForDeploymentPostprocessing = 0;
		};
/* End PBXSourcesBuildPhase section */

/* Begin PBXTargetDependency section */
		B6F8937D1C37624900070CCB /* PBXTargetDependency */ = {
			isa = PBXTargetDependency;
			target = B6F893661C37624900070CCB /* Meals */;
			targetProxy = B6F8937C1C37624900070CCB /* PBXContainerItemProxy */;
		};
		B6F893881C37624A00070CCB /* PBXTargetDependency */ = {
			isa = PBXTargetDependency;
			target = B6F893661C37624900070CCB /* Meals */;
			targetProxy = B6F893871C37624A00070CCB /* PBXContainerItemProxy */;
		};
/* End PBXTargetDependency section */

/* Begin PBXVariantGroup section */
		B6F893731C37624900070CCB /* LaunchScreen.storyboard */ = {
			isa = PBXVariantGroup;
			children = (
				B6F893741C37624900070CCB /* Base */,
			);
			name = LaunchScreen.storyboard;
			sourceTree = "<group>";
		};
/* End PBXVariantGroup section */

/* Begin XCBuildConfiguration section */
		B6F8938D1C37624A00070CCB /* Debug */ = {
			isa = XCBuildConfiguration;
			buildSettings = {
				ALWAYS_SEARCH_USER_PATHS = NO;
				CLANG_CXX_LANGUAGE_STANDARD = "gnu++0x";
				CLANG_CXX_LIBRARY = "libc++";
				CLANG_ENABLE_MODULES = YES;
				CLANG_ENABLE_OBJC_ARC = YES;
				CLANG_WARN_BOOL_CONVERSION = YES;
				CLANG_WARN_CONSTANT_CONVERSION = YES;
				CLANG_WARN_DIRECT_OBJC_ISA_USAGE = YES_ERROR;
				CLANG_WARN_EMPTY_BODY = YES;
				CLANG_WARN_ENUM_CONVERSION = YES;
				CLANG_WARN_INT_CONVERSION = YES;
				CLANG_WARN_OBJC_ROOT_CLASS = YES_ERROR;
				CLANG_WARN_UNREACHABLE_CODE = YES;
				CLANG_WARN__DUPLICATE_METHOD_MATCH = YES;
				"CODE_SIGN_IDENTITY[sdk=iphoneos*]" = "iPhone Developer";
				COPY_PHASE_STRIP = NO;
				DEBUG_INFORMATION_FORMAT = dwarf;
				ENABLE_STRICT_OBJC_MSGSEND = YES;
				ENABLE_TESTABILITY = YES;
				GCC_C_LANGUAGE_STANDARD = gnu99;
				GCC_DYNAMIC_NO_PIC = NO;
				GCC_NO_COMMON_BLOCKS = YES;
				GCC_OPTIMIZATION_LEVEL = 0;
				GCC_PREPROCESSOR_DEFINITIONS = (
					"DEBUG=1",
					"$(inherited)",
				);
				GCC_WARN_64_TO_32_BIT_CONVERSION = YES;
				GCC_WARN_ABOUT_RETURN_TYPE = YES_ERROR;
				GCC_WARN_UNDECLARED_SELECTOR = YES;
				GCC_WARN_UNINITIALIZED_AUTOS = YES_AGGRESSIVE;
				GCC_WARN_UNUSED_FUNCTION = YES;
				GCC_WARN_UNUSED_VARIABLE = YES;
				IPHONEOS_DEPLOYMENT_TARGET = 9.2;
				MTL_ENABLE_DEBUG_INFO = YES;
				ONLY_ACTIVE_ARCH = YES;
				SDKROOT = iphoneos;
				SWIFT_OPTIMIZATION_LEVEL = "-Onone";
			};
			name = Debug;
		};
		B6F8938E1C37624A00070CCB /* Release */ = {
			isa = XCBuildConfiguration;
			buildSettings = {
				ALWAYS_SEARCH_USER_PATHS = NO;
				CLANG_CXX_LANGUAGE_STANDARD = "gnu++0x";
				CLANG_CXX_LIBRARY = "libc++";
				CLANG_ENABLE_MODULES = YES;
				CLANG_ENABLE_OBJC_ARC = YES;
				CLANG_WARN_BOOL_CONVERSION = YES;
				CLANG_WARN_CONSTANT_CONVERSION = YES;
				CLANG_WARN_DIRECT_OBJC_ISA_USAGE = YES_ERROR;
				CLANG_WARN_EMPTY_BODY = YES;
				CLANG_WARN_ENUM_CONVERSION = YES;
				CLANG_WARN_INT_CONVERSION = YES;
				CLANG_WARN_OBJC_ROOT_CLASS = YES_ERROR;
				CLANG_WARN_UNREACHABLE_CODE = YES;
				CLANG_WARN__DUPLICATE_METHOD_MATCH = YES;
				"CODE_SIGN_IDENTITY[sdk=iphoneos*]" = "iPhone Developer";
				COPY_PHASE_STRIP = NO;
				DEBUG_INFORMATION_FORMAT = "dwarf-with-dsym";
				ENABLE_NS_ASSERTIONS = NO;
				ENABLE_STRICT_OBJC_MSGSEND = YES;
				GCC_C_LANGUAGE_STANDARD = gnu99;
				GCC_NO_COMMON_BLOCKS = YES;
				GCC_WARN_64_TO_32_BIT_CONVERSION = YES;
				GCC_WARN_ABOUT_RETURN_TYPE = YES_ERROR;
				GCC_WARN_UNDECLARED_SELECTOR = YES;
				GCC_WARN_UNINITIALIZED_AUTOS = YES_AGGRESSIVE;
				GCC_WARN_UNUSED_FUNCTION = YES;
				GCC_WARN_UNUSED_VARIABLE = YES;
				IPHONEOS_DEPLOYMENT_TARGET = 9.2;
				MTL_ENABLE_DEBUG_INFO = NO;
				SDKROOT = iphoneos;
				VALIDATE_PRODUCT = YES;
			};
			name = Release;
		};
		B6F893901C37624A00070CCB /* Debug */ = {
			isa = XCBuildConfiguration;
			baseConfigurationReference = 379AB69AEB7D57903DC6F96E /* Pods-Meals.debug.xcconfig */;
			buildSettings = {
				ASSETCATALOG_COMPILER_APPICON_NAME = AppIcon;
				INFOPLIST_FILE = Meals/Info.plist;
				LD_RUNPATH_SEARCH_PATHS = "$(inherited) @executable_path/Frameworks";
				PRODUCT_BUNDLE_IDENTIFIER = com.astoration.Meals;
				PRODUCT_NAME = "$(TARGET_NAME)";
			};
			name = Debug;
		};
		B6F893911C37624A00070CCB /* Release */ = {
			isa = XCBuildConfiguration;
			baseConfigurationReference = B05B9C2F5E82744ECAD8187F /* Pods-Meals.release.xcconfig */;
			buildSettings = {
				ASSETCATALOG_COMPILER_APPICON_NAME = AppIcon;
				INFOPLIST_FILE = Meals/Info.plist;
				LD_RUNPATH_SEARCH_PATHS = "$(inherited) @executable_path/Frameworks";
				PRODUCT_BUNDLE_IDENTIFIER = com.astoration.Meals;
				PRODUCT_NAME = "$(TARGET_NAME)";
			};
			name = Release;
		};
		B6F893931C37624A00070CCB /* Debug */ = {
			isa = XCBuildConfiguration;
			buildSettings = {
				BUNDLE_LOADER = "$(TEST_HOST)";
				INFOPLIST_FILE = MealsTests/Info.plist;
				LD_RUNPATH_SEARCH_PATHS = "$(inherited) @executable_path/Frameworks @loader_path/Frameworks";
				PRODUCT_BUNDLE_IDENTIFIER = com.astoration.MealsTests;
				PRODUCT_NAME = "$(TARGET_NAME)";
				TEST_HOST = "$(BUILT_PRODUCTS_DIR)/Meals.app/Meals";
			};
			name = Debug;
		};
		B6F893941C37624A00070CCB /* Release */ = {
			isa = XCBuildConfiguration;
			buildSettings = {
				BUNDLE_LOADER = "$(TEST_HOST)";
				INFOPLIST_FILE = MealsTests/Info.plist;
				LD_RUNPATH_SEARCH_PATHS = "$(inherited) @executable_path/Frameworks @loader_path/Frameworks";
				PRODUCT_BUNDLE_IDENTIFIER = com.astoration.MealsTests;
				PRODUCT_NAME = "$(TARGET_NAME)";
				TEST_HOST = "$(BUILT_PRODUCTS_DIR)/Meals.app/Meals";
			};
			name = Release;
		};
		B6F893961C37624A00070CCB /* Debug */ = {
			isa = XCBuildConfiguration;
			buildSettings = {
				INFOPLIST_FILE = MealsUITests/Info.plist;
				LD_RUNPATH_SEARCH_PATHS = "$(inherited) @executable_path/Frameworks @loader_path/Frameworks";
				PRODUCT_BUNDLE_IDENTIFIER = com.astoration.MealsUITests;
				PRODUCT_NAME = "$(TARGET_NAME)";
				TEST_TARGET_NAME = Meals;
				USES_XCTRUNNER = YES;
			};
			name = Debug;
		};
		B6F893971C37624A00070CCB /* Release */ = {
			isa = XCBuildConfiguration;
			buildSettings = {
				INFOPLIST_FILE = MealsUITests/Info.plist;
				LD_RUNPATH_SEARCH_PATHS = "$(inherited) @executable_path/Frameworks @loader_path/Frameworks";
				PRODUCT_BUNDLE_IDENTIFIER = com.astoration.MealsUITests;
				PRODUCT_NAME = "$(TARGET_NAME)";
				TEST_TARGET_NAME = Meals;
				USES_XCTRUNNER = YES;
			};
			name = Release;
		};
/* End XCBuildConfiguration section */

/* Begin XCConfigurationList section */
		B6F893621C37624900070CCB /* Build configuration list for PBXProject "Meals" */ = {
			isa = XCConfigurationList;
			buildConfigurations = (
				B6F8938D1C37624A00070CCB /* Debug */,
				B6F8938E1C37624A00070CCB /* Release */,
			);
			defaultConfigurationIsVisible = 0;
			defaultConfigurationName = Release;
		};
		B6F8938F1C37624A00070CCB /* Build configuration list for PBXNativeTarget "Meals" */ = {
			isa = XCConfigurationList;
			buildConfigurations = (
				B6F893901C37624A00070CCB /* Debug */,
				B6F893911C37624A00070CCB /* Release */,
			);
			defaultConfigurationIsVisible = 0;
			defaultConfigurationName = Release;
		};
		B6F893921C37624A00070CCB /* Build configuration list for PBXNativeTarget "MealsTests" */ = {
			isa = XCConfigurationList;
			buildConfigurations = (
				B6F893931C37624A00070CCB /* Debug */,
				B6F893941C37624A00070CCB /* Release */,
			);
			defaultConfigurationIsVisible = 0;
			defaultConfigurationName = Release;
		};
		B6F893951C37624A00070CCB /* Build configuration list for PBXNativeTarget "MealsUITests" */ = {
			isa = XCConfigurationList;
			buildConfigurations = (
				B6F893961C37624A00070CCB /* Debug */,
				B6F893971C37624A00070CCB /* Release */,
			);
			defaultConfigurationIsVisible = 0;
			defaultConfigurationName = Release;
		};
/* End XCConfigurationList section */
	};
	rootObject = B6F8935F1C37624900070CCB /* Project object */;
}
